// !$*UTF8*$!
{
	archiveVersion = 1;
	classes = {
	};
	objectVersion = 77;
	objects = {

/* Begin PBXContainerItemProxy section */
		FB6A2C492D9706CE00962C0B /* PBXContainerItemProxy */ = {
			isa = PBXContainerItemProxy;
			containerPortal = FB6A2C302D9706CC00962C0B /* Project object */;
			proxyType = 1;
			remoteGlobalIDString = FB6A2C372D9706CC00962C0B;
			remoteInfo = "Conectando con el Corazon";
		};
		FB6A2C532D9706CE00962C0B /* PBXContainerItemProxy */ = {
			isa = PBXContainerItemProxy;
			containerPortal = FB6A2C302D9706CC00962C0B /* Project object */;
			proxyType = 1;
			remoteGlobalIDString = FB6A2C372D9706CC00962C0B;
			remoteInfo = "Conectando con el Corazon";
		};
/* End PBXContainerItemProxy section */

/* Begin PBXFileReference section */
		FB6A2C382D9706CC00962C0B /* Conectando con el Corazon.app */ = {isa = PBXFileReference; explicitFileType = wrapper.application; includeInIndex = 0; path = "Conectando con el Corazon.app"; sourceTree = BUILT_PRODUCTS_DIR; };
		FB6A2C482D9706CE00962C0B /* Conectando con el CorazonTests.xctest */ = {isa = PBXFileReference; explicitFileType = wrapper.cfbundle; includeInIndex = 0; path = "Conectando con el CorazonTests.xctest"; sourceTree = BUILT_PRODUCTS_DIR; };
		FB6A2C522D9706CE00962C0B /* Conectando con el CorazonUITests.xctest */ = {isa = PBXFileReference; explicitFileType = wrapper.cfbundle; includeInIndex = 0; path = "Conectando con el CorazonUITests.xctest"; sourceTree = BUILT_PRODUCTS_DIR; };
/* End PBXFileReference section */

/* Begin PBXFileSystemSynchronizedRootGroup section */
		FB6A2C3A2D9706CC00962C0B /* Conectando con el Corazon */ = {
			isa = PBXFileSystemSynchronizedRootGroup;
			path = "Conectando con el Corazon";
			sourceTree = "<group>";
		};
		FB6A2C4B2D9706CE00962C0B /* Conectando con el CorazonTests */ = {
			isa = PBXFileSystemSynchronizedRootGroup;
			path = "Conectando con el CorazonTests";
			sourceTree = "<group>";
		};
		FB6A2C552D9706CE00962C0B /* Conectando con el CorazonUITests */ = {
			isa = PBXFileSystemSynchronizedRootGroup;
			path = "Conectando con el CorazonUITests";
			sourceTree = "<group>";
		};
/* End PBXFileSystemSynchronizedRootGroup section */

/* Begin PBXFrameworksBuildPhase section */
		FB6A2C352D9706CC00962C0B /* Frameworks */ = {
			isa = PBXFrameworksBuildPhase;
			buildActionMask = 2147483647;
			files = (
			);
			runOnlyForDeploymentPostprocessing = 0;
		};
		FB6A2C452D9706CE00962C0B /* Frameworks */ = {
			isa = PBXFrameworksBuildPhase;
			buildActionMask = 2147483647;
			files = (
			);
			runOnlyForDeploymentPostprocessing = 0;
		};
		FB6A2C4F2D9706CE00962C0B /* Frameworks */ = {
			isa = PBXFrameworksBuildPhase;
			buildActionMask = 2147483647;
			files = (
			);
			runOnlyForDeploymentPostprocessing = 0;
		};
/* End PBXFrameworksBuildPhase section */

/* Begin PBXGroup section */
		FB6A2C2F2D9706CC00962C0B = {
			isa = PBXGroup;
			children = (
				FB6A2C3A2D9706CC00962C0B /* Conectando con el Corazon */,
				FB6A2C4B2D9706CE00962C0B /* Conectando con el CorazonTests */,
				FB6A2C552D9706CE00962C0B /* Conectando con el CorazonUITests */,
				FB6A2C392D9706CC00962C0B /* Products */,
			);
			sourceTree = "<group>";
		};
		FB6A2C392D9706CC00962C0B /* Products */ = {
			isa = PBXGroup;
			children = (
				FB6A2C382D9706CC00962C0B /* Conectando con el Corazon.app */,
				FB6A2C482D9706CE00962C0B /* Conectando con el CorazonTests.xctest */,
				FB6A2C522D9706CE00962C0B /* Conectando con el CorazonUITests.xctest */,
			);
			name = Products;
			sourceTree = "<group>";
		};
/* End PBXGroup section */

/* Begin PBXNativeTarget section */
		FB6A2C372D9706CC00962C0B /* Conectando con el Corazon */ = {
			isa = PBXNativeTarget;
			buildConfigurationList = FB6A2C5C2D9706CE00962C0B /* Build configuration list for PBXNativeTarget "Conectando con el Corazon" */;
			buildPhases = (
				FB6A2C342D9706CC00962C0B /* Sources */,
				FB6A2C352D9706CC00962C0B /* Frameworks */,
				FB6A2C362D9706CC00962C0B /* Resources */,
			);
			buildRules = (
			);
			dependencies = (
			);
			fileSystemSynchronizedGroups = (
				FB6A2C3A2D9706CC00962C0B /* Conectando con el Corazon */,
			);
			name = "Conectando con el Corazon";
			packageProductDependencies = (
			);
			productName = "Conectando con el Corazon";
			productReference = FB6A2C382D9706CC00962C0B /* Conectando con el Corazon.app */;
			productType = "com.apple.product-type.application";
		};
		FB6A2C472D9706CE00962C0B /* Conectando con el CorazonTests */ = {
			isa = PBXNativeTarget;
			buildConfigurationList = FB6A2C5F2D9706CE00962C0B /* Build configuration list for PBXNativeTarget "Conectando con el CorazonTests" */;
			buildPhases = (
				FB6A2C442D9706CE00962C0B /* Sources */,
				FB6A2C452D9706CE00962C0B /* Frameworks */,
				FB6A2C462D9706CE00962C0B /* Resources */,
			);
			buildRules = (
			);
			dependencies = (
				FB6A2C4A2D9706CE00962C0B /* PBXTargetDependency */,
			);
			fileSystemSynchronizedGroups = (
				FB6A2C4B2D9706CE00962C0B /* Conectando con el CorazonTests */,
			);
			name = "Conectando con el CorazonTests";
			packageProductDependencies = (
			);
			productName = "Conectando con el CorazonTests";
			productReference = FB6A2C482D9706CE00962C0B /* Conectando con el CorazonTests.xctest */;
			productType = "com.apple.product-type.bundle.unit-test";
		};
		FB6A2C512D9706CE00962C0B /* Conectando con el CorazonUITests */ = {
			isa = PBXNativeTarget;
			buildConfigurationList = FB6A2C622D9706CE00962C0B /* Build configuration list for PBXNativeTarget "Conectando con el CorazonUITests" */;
			buildPhases = (
				FB6A2C4E2D9706CE00962C0B /* Sources */,
				FB6A2C4F2D9706CE00962C0B /* Frameworks */,
				FB6A2C502D9706CE00962C0B /* Resources */,
			);
			buildRules = (
			);
			dependencies = (
				FB6A2C542D9706CE00962C0B /* PBXTargetDependency */,
			);
			fileSystemSynchronizedGroups = (
				FB6A2C552D9706CE00962C0B /* Conectando con el CorazonUITests */,
			);
			name = "Conectando con el CorazonUITests";
			packageProductDependencies = (
			);
			productName = "Conectando con el CorazonUITests";
			productReference = FB6A2C522D9706CE00962C0B /* Conectando con el CorazonUITests.xctest */;
			productType = "com.apple.product-type.bundle.ui-testing";
		};
/* End PBXNativeTarget section */

/* Begin PBXProject section */
		FB6A2C302D9706CC00962C0B /* Project object */ = {
			isa = PBXProject;
			attributes = {
				BuildIndependentTargetsInParallel = 1;
				LastSwiftUpdateCheck = 1620;
				LastUpgradeCheck = 1620;
				TargetAttributes = {
					FB6A2C372D9706CC00962C0B = {
						CreatedOnToolsVersion = 16.2;
					};
					FB6A2C472D9706CE00962C0B = {
						CreatedOnToolsVersion = 16.2;
						TestTargetID = FB6A2C372D9706CC00962C0B;
					};
					FB6A2C512D9706CE00962C0B = {
						CreatedOnToolsVersion = 16.2;
						TestTargetID = FB6A2C372D9706CC00962C0B;
					};
				};
			};
			buildConfigurationList = FB6A2C332D9706CC00962C0B /* Build configuration list for PBXProject "Conectando con el Corazon" */;
			developmentRegion = en;
			hasScannedForEncodings = 0;
			knownRegions = (
				en,
				Base,
			);
			mainGroup = FB6A2C2F2D9706CC00962C0B;
			minimizedProjectReferenceProxies = 1;
			preferredProjectObjectVersion = 77;
			productRefGroup = FB6A2C392D9706CC00962C0B /* Products */;
			projectDirPath = "";
			projectRoot = "";
			targets = (
				FB6A2C372D9706CC00962C0B /* Conectando con el Corazon */,
				FB6A2C472D9706CE00962C0B /* Conectando con el CorazonTests */,
				FB6A2C512D9706CE00962C0B /* Conectando con el CorazonUITests */,
			);
		};
/* End PBXProject section */

/* Begin PBXResourcesBuildPhase section */
		FB6A2C362D9706CC00962C0B /* Resources */ = {
			isa = PBXResourcesBuildPhase;
			buildActionMask = 2147483647;
			files = (
			);
			runOnlyForDeploymentPostprocessing = 0;
		};
		FB6A2C462D9706CE00962C0B /* Resources */ = {
			isa = PBXResourcesBuildPhase;
			buildActionMask = 2147483647;
			files = (
			);
			runOnlyForDeploymentPostprocessing = 0;
		};
		FB6A2C502D9706CE00962C0B /* Resources */ = {
			isa = PBXResourcesBuildPhase;
			buildActionMask = 2147483647;
			files = (
			);
			runOnlyForDeploymentPostprocessing = 0;
		};
/* End PBXResourcesBuildPhase section */

/* Begin PBXSourcesBuildPhase section */
		FB6A2C342D9706CC00962C0B /* Sources */ = {
			isa = PBXSourcesBuildPhase;
			buildActionMask = 2147483647;
			files = (
			);
			runOnlyForDeploymentPostprocessing = 0;
		};
		FB6A2C442D9706CE00962C0B /* Sources */ = {
			isa = PBXSourcesBuildPhase;
			buildActionMask = 2147483647;
			files = (
			);
			runOnlyForDeploymentPostprocessing = 0;
		};
		FB6A2C4E2D9706CE00962C0B /* Sources */ = {
			isa = PBXSourcesBuildPhase;
			buildActionMask = 2147483647;
			files = (
			);
			runOnlyForDeploymentPostprocessing = 0;
		};
/* End PBXSourcesBuildPhase section */

/* Begin PBXTargetDependency section */
		FB6A2C4A2D9706CE00962C0B /* PBXTargetDependency */ = {
			isa = PBXTargetDependency;
			target = FB6A2C372D9706CC00962C0B /* Conectando con el Corazon */;
			targetProxy = FB6A2C492D9706CE00962C0B /* PBXContainerItemProxy */;
		};
		FB6A2C542D9706CE00962C0B /* PBXTargetDependency */ = {
			isa = PBXTargetDependency;
			target = FB6A2C372D9706CC00962C0B /* Conectando con el Corazon */;
			targetProxy = FB6A2C532D9706CE00962C0B /* PBXContainerItemProxy */;
		};
/* End PBXTargetDependency section */

/* Begin XCBuildConfiguration section */
		FB6A2C5A2D9706CE00962C0B /* Debug */ = {
			isa = XCBuildConfiguration;
			buildSettings = {
				ALWAYS_SEARCH_USER_PATHS = NO;
				ASSETCATALOG_COMPILER_GENERATE_SWIFT_ASSET_SYMBOL_EXTENSIONS = YES;
				CLANG_ANALYZER_NONNULL = YES;
				CLANG_ANALYZER_NUMBER_OBJECT_CONVERSION = YES_AGGRESSIVE;
				CLANG_CXX_LANGUAGE_STANDARD = "gnu++20";
				CLANG_ENABLE_MODULES = YES;
				CLANG_ENABLE_OBJC_ARC = YES;
				CLANG_ENABLE_OBJC_WEAK = YES;
				CLANG_WARN_BLOCK_CAPTURE_AUTORELEASING = YES;
				CLANG_WARN_BOOL_CONVERSION = YES;
				CLANG_WARN_COMMA = YES;
				CLANG_WARN_CONSTANT_CONVERSION = YES;
				CLANG_WARN_DEPRECATED_OBJC_IMPLEMENTATIONS = YES;
				CLANG_WARN_DIRECT_OBJC_ISA_USAGE = YES_ERROR;
				CLANG_WARN_DOCUMENTATION_COMMENTS = YES;
				CLANG_WARN_EMPTY_BODY = YES;
				CLANG_WARN_ENUM_CONVERSION = YES;
				CLANG_WARN_INFINITE_RECURSION = YES;
				CLANG_WARN_INT_CONVERSION = YES;
				CLANG_WARN_NON_LITERAL_NULL_CONVERSION = YES;
				CLANG_WARN_OBJC_IMPLICIT_RETAIN_SELF = YES;
				CLANG_WARN_OBJC_LITERAL_CONVERSION = YES;
				CLANG_WARN_OBJC_ROOT_CLASS = YES_ERROR;
				CLANG_WARN_QUOTED_INCLUDE_IN_FRAMEWORK_HEADER = YES;
				CLANG_WARN_RANGE_LOOP_ANALYSIS = YES;
				CLANG_WARN_STRICT_PROTOTYPES = YES;
				CLANG_WARN_SUSPICIOUS_MOVE = YES;
				CLANG_WARN_UNGUARDED_AVAILABILITY = YES_AGGRESSIVE;
				CLANG_WARN_UNREACHABLE_CODE = YES;
				CLANG_WARN__DUPLICATE_METHOD_MATCH = YES;
				COPY_PHASE_STRIP = NO;
				DEBUG_INFORMATION_FORMAT = dwarf;
				ENABLE_STRICT_OBJC_MSGSEND = YES;
				ENABLE_TESTABILITY = YES;
				ENABLE_USER_SCRIPT_SANDBOXING = YES;
				GCC_C_LANGUAGE_STANDARD = gnu17;
				GCC_DYNAMIC_NO_PIC = NO;
				GCC_NO_COMMON_BLOCKS = YES;
				GCC_OPTIMIZATION_LEVEL = 0;
				GCC_PREPROCESSOR_DEFINITIONS = (
					"DEBUG=1",
					"$(inherited)",
				);
				GCC_WARN_64_TO_32_BIT_CONVERSION = YES;
				GCC_WARN_ABOUT_RETURN_TYPE = YES_ERROR;
				GCC_WARN_UNDECLARED_SELECTOR = YES;
				GCC_WARN_UNINITIALIZED_AUTOS = YES_AGGRESSIVE;
				GCC_WARN_UNUSED_FUNCTION = YES;
				GCC_WARN_UNUSED_VARIABLE = YES;
				IPHONEOS_DEPLOYMENT_TARGET = 18.2;
				LOCALIZATION_PREFERS_STRING_CATALOGS = YES;
				MTL_ENABLE_DEBUG_INFO = INCLUDE_SOURCE;
				MTL_FAST_MATH = YES;
				ONLY_ACTIVE_ARCH = YES;
				SDKROOT = iphoneos;
				SWIFT_ACTIVE_COMPILATION_CONDITIONS = "DEBUG $(inherited)";
				SWIFT_OPTIMIZATION_LEVEL = "-Onone";
			};
			name = Debug;
		};
		FB6A2C5B2D9706CE00962C0B /* Release */ = {
			isa = XCBuildConfiguration;
			buildSettings = {
				ALWAYS_SEARCH_USER_PATHS = NO;
				ASSETCATALOG_COMPILER_GENERATE_SWIFT_ASSET_SYMBOL_EXTENSIONS = YES;
				CLANG_ANALYZER_NONNULL = YES;
				CLANG_ANALYZER_NUMBER_OBJECT_CONVERSION = YES_AGGRESSIVE;
				CLANG_CXX_LANGUAGE_STANDARD = "gnu++20";
				CLANG_ENABLE_MODULES = YES;
				CLANG_ENABLE_OBJC_ARC = YES;
				CLANG_ENABLE_OBJC_WEAK = YES;
				CLANG_WARN_BLOCK_CAPTURE_AUTORELEASING = YES;
				CLANG_WARN_BOOL_CONVERSION = YES;
				CLANG_WARN_COMMA = YES;
				CLANG_WARN_CONSTANT_CONVERSION = YES;
				CLANG_WARN_DEPRECATED_OBJC_IMPLEMENTATIONS = YES;
				CLANG_WARN_DIRECT_OBJC_ISA_USAGE = YES_ERROR;
				CLANG_WARN_DOCUMENTATION_COMMENTS = YES;
				CLANG_WARN_EMPTY_BODY = YES;
				CLANG_WARN_ENUM_CONVERSION = YES;
				CLANG_WARN_INFINITE_RECURSION = YES;
				CLANG_WARN_INT_CONVERSION = YES;
				CLANG_WARN_NON_LITERAL_NULL_CONVERSION = YES;
				CLANG_WARN_OBJC_IMPLICIT_RETAIN_SELF = YES;
				CLANG_WARN_OBJC_LITERAL_CONVERSION = YES;
				CLANG_WARN_OBJC_ROOT_CLASS = YES_ERROR;
				CLANG_WARN_QUOTED_INCLUDE_IN_FRAMEWORK_HEADER = YES;
				CLANG_WARN_RANGE_LOOP_ANALYSIS = YES;
				CLANG_WARN_STRICT_PROTOTYPES = YES;
				CLANG_WARN_SUSPICIOUS_MOVE = YES;
				CLANG_WARN_UNGUARDED_AVAILABILITY = YES_AGGRESSIVE;
				CLANG_WARN_UNREACHABLE_CODE = YES;
				CLANG_WARN__DUPLICATE_METHOD_MATCH = YES;
				COPY_PHASE_STRIP = NO;
				DEBUG_INFORMATION_FORMAT = "dwarf-with-dsym";
				ENABLE_NS_ASSERTIONS = NO;
				ENABLE_STRICT_OBJC_MSGSEND = YES;
				ENABLE_USER_SCRIPT_SANDBOXING = YES;
				GCC_C_LANGUAGE_STANDARD = gnu17;
				GCC_NO_COMMON_BLOCKS = YES;
				GCC_WARN_64_TO_32_BIT_CONVERSION = YES;
				GCC_WARN_ABOUT_RETURN_TYPE = YES_ERROR;
				GCC_WARN_UNDECLARED_SELECTOR = YES;
				GCC_WARN_UNINITIALIZED_AUTOS = YES_AGGRESSIVE;
				GCC_WARN_UNUSED_FUNCTION = YES;
				GCC_WARN_UNUSED_VARIABLE = YES;
				IPHONEOS_DEPLOYMENT_TARGET = 18.2;
				LOCALIZATION_PREFERS_STRING_CATALOGS = YES;
				MTL_ENABLE_DEBUG_INFO = NO;
				MTL_FAST_MATH = YES;
				SDKROOT = iphoneos;
				SWIFT_COMPILATION_MODE = wholemodule;
				VALIDATE_PRODUCT = YES;
			};
			name = Release;
		};
		FB6A2C5D2D9706CE00962C0B /* Debug */ = {
			isa = XCBuildConfiguration;
			buildSettings = {
				ASSETCATALOG_COMPILER_APPICON_NAME = AppIcon;
				ASSETCATALOG_COMPILER_GLOBAL_ACCENT_COLOR_NAME = AccentColor;
				CODE_SIGN_STYLE = Automatic;
				CURRENT_PROJECT_VERSION = 1;
				DEVELOPMENT_ASSET_PATHS = "\"Conectando con el Corazon/Preview Content\"";
				DEVELOPMENT_TEAM = 29ASYU2WF7;
				ENABLE_PREVIEWS = YES;
				GENERATE_INFOPLIST_FILE = YES;
				INFOPLIST_FILE = "Conectando-con-el-Corazon-Info.plist";
				INFOPLIST_KEY_UIApplicationSceneManifest_Generation = YES;
				INFOPLIST_KEY_UIApplicationSupportsIndirectInputEvents = YES;
				INFOPLIST_KEY_UILaunchScreen_Generation = YES;
				INFOPLIST_KEY_UISupportedInterfaceOrientations_iPad = "UIInterfaceOrientationPortrait UIInterfaceOrientationPortraitUpsideDown UIInterfaceOrientationLandscapeLeft UIInterfaceOrientationLandscapeRight";
				INFOPLIST_KEY_UISupportedInterfaceOrientations_iPhone = "UIInterfaceOrientationPortrait UIInterfaceOrientationLandscapeLeft UIInterfaceOrientationLandscapeRight";
				LD_RUNPATH_SEARCH_PATHS = (
					"$(inherited)",
					"@executable_path/Frameworks",
				);
				MARKETING_VERSION = 1.0;
				PRODUCT_BUNDLE_IDENTIFIER = "tecmi.app.Conectando-con-el-Corazon";
				PRODUCT_NAME = "$(TARGET_NAME)";
				SWIFT_EMIT_LOC_STRINGS = YES;
				SWIFT_VERSION = 5.0;
				TARGETED_DEVICE_FAMILY = "1,2";
			};
			name = Debug;
		};
		FB6A2C5E2D9706CE00962C0B /* Release */ = {
			isa = XCBuildConfiguration;
			buildSettings = {
				ASSETCATALOG_COMPILER_APPICON_NAME = AppIcon;
				ASSETCATALOG_COMPILER_GLOBAL_ACCENT_COLOR_NAME = AccentColor;
				CODE_SIGN_STYLE = Automatic;
				CURRENT_PROJECT_VERSION = 1;
				DEVELOPMENT_ASSET_PATHS = "\"Conectando con el Corazon/Preview Content\"";
				DEVELOPMENT_TEAM = 29ASYU2WF7;
				ENABLE_PREVIEWS = YES;
				GENERATE_INFOPLIST_FILE = YES;
				INFOPLIST_FILE = "Conectando-con-el-Corazon-Info.plist";
				INFOPLIST_KEY_UIApplicationSceneManifest_Generation = YES;
				INFOPLIST_KEY_UIApplicationSupportsIndirectInputEvents = YES;
				INFOPLIST_KEY_UILaunchScreen_Generation = YES;
				INFOPLIST_KEY_UISupportedInterfaceOrientations_iPad = "UIInterfaceOrientationPortrait UIInterfaceOrientationPortraitUpsideDown UIInterfaceOrientationLandscapeLeft UIInterfaceOrientationLandscapeRight";
				INFOPLIST_KEY_UISupportedInterfaceOrientations_iPhone = "UIInterfaceOrientationPortrait UIInterfaceOrientationLandscapeLeft UIInterfaceOrientationLandscapeRight";
				LD_RUNPATH_SEARCH_PATHS = (
					"$(inherited)",
					"@executable_path/Frameworks",
				);
				MARKETING_VERSION = 1.0;
				PRODUCT_BUNDLE_IDENTIFIER = "tecmi.app.Conectando-con-el-Corazon";
				PRODUCT_NAME = "$(TARGET_NAME)";
				SWIFT_EMIT_LOC_STRINGS = YES;
				SWIFT_VERSION = 5.0;
				TARGETED_DEVICE_FAMILY = "1,2";
			};
			name = Release;
		};
		FB6A2C602D9706CE00962C0B /* Debug */ = {
			isa = XCBuildConfiguration;
			buildSettings = {
				BUNDLE_LOADER = "$(TEST_HOST)";
				CODE_SIGN_STYLE = Automatic;
				CURRENT_PROJECT_VERSION = 1;
				DEVELOPMENT_TEAM = 29ASYU2WF7;
				GENERATE_INFOPLIST_FILE = YES;
				IPHONEOS_DEPLOYMENT_TARGET = 18.2;
				MARKETING_VERSION = 1.0;
				PRODUCT_BUNDLE_IDENTIFIER = "tecmi.app.Conectando-con-el-CorazonTests";
				PRODUCT_NAME = "$(TARGET_NAME)";
				SWIFT_EMIT_LOC_STRINGS = NO;
				SWIFT_VERSION = 5.0;
				TARGETED_DEVICE_FAMILY = "1,2";
				TEST_HOST = "$(BUILT_PRODUCTS_DIR)/Conectando con el Corazon.app/$(BUNDLE_EXECUTABLE_FOLDER_PATH)/Conectando con el Corazon";
			};
			name = Debug;
		};
		FB6A2C612D9706CE00962C0B /* Release */ = {
			isa = XCBuildConfiguration;
			buildSettings = {
				BUNDLE_LOADER = "$(TEST_HOST)";
				CODE_SIGN_STYLE = Automatic;
				CURRENT_PROJECT_VERSION = 1;
				DEVELOPMENT_TEAM = 29ASYU2WF7;
				GENERATE_INFOPLIST_FILE = YES;
				IPHONEOS_DEPLOYMENT_TARGET = 18.2;
				MARKETING_VERSION = 1.0;
				PRODUCT_BUNDLE_IDENTIFIER = "tecmi.app.Conectando-con-el-CorazonTests";
				PRODUCT_NAME = "$(TARGET_NAME)";
				SWIFT_EMIT_LOC_STRINGS = NO;
				SWIFT_VERSION = 5.0;
				TARGETED_DEVICE_FAMILY = "1,2";
				TEST_HOST = "$(BUILT_PRODUCTS_DIR)/Conectando con el Corazon.app/$(BUNDLE_EXECUTABLE_FOLDER_PATH)/Conectando con el Corazon";
			};
			name = Release;
		};
		FB6A2C632D9706CE00962C0B /* Debug */ = {
			isa = XCBuildConfiguration;
			buildSettings = {
				CODE_SIGN_STYLE = Automatic;
				CURRENT_PROJECT_VERSION = 1;
				DEVELOPMENT_TEAM = 29ASYU2WF7;
				GENERATE_INFOPLIST_FILE = YES;
				MARKETING_VERSION = 1.0;
				PRODUCT_BUNDLE_IDENTIFIER = "tecmi.app.Conectando-con-el-CorazonUITests";
				PRODUCT_NAME = "$(TARGET_NAME)";
				SWIFT_EMIT_LOC_STRINGS = NO;
				SWIFT_VERSION = 5.0;
				TARGETED_DEVICE_FAMILY = "1,2";
				TEST_TARGET_NAME = "Conectando con el Corazon";
			};
			name = Debug;
		};
		FB6A2C642D9706CE00962C0B /* Release */ = {
			isa = XCBuildConfiguration;
			buildSettings = {
				CODE_SIGN_STYLE = Automatic;
				CURRENT_PROJECT_VERSION = 1;
				DEVELOPMENT_TEAM = 29ASYU2WF7;
				GENERATE_INFOPLIST_FILE = YES;
				MARKETING_VERSION = 1.0;
				PRODUCT_BUNDLE_IDENTIFIER = "tecmi.app.Conectando-con-el-CorazonUITests";
				PRODUCT_NAME = "$(TARGET_NAME)";
				SWIFT_EMIT_LOC_STRINGS = NO;
				SWIFT_VERSION = 5.0;
				TARGETED_DEVICE_FAMILY = "1,2";
				TEST_TARGET_NAME = "Conectando con el Corazon";
			};
			name = Release;
		};
/* End XCBuildConfiguration section */

/* Begin XCConfigurationList section */
		FB6A2C332D9706CC00962C0B /* Build configuration list for PBXProject "Conectando con el Corazon" */ = {
			isa = XCConfigurationList;
			buildConfigurations = (
				FB6A2C5A2D9706CE00962C0B /* Debug */,
				FB6A2C5B2D9706CE00962C0B /* Release */,
			);
			defaultConfigurationIsVisible = 0;
			defaultConfigurationName = Release;
		};
		FB6A2C5C2D9706CE00962C0B /* Build configuration list for PBXNativeTarget "Conectando con el Corazon" */ = {
			isa = XCConfigurationList;
			buildConfigurations = (
				FB6A2C5D2D9706CE00962C0B /* Debug */,
				FB6A2C5E2D9706CE00962C0B /* Release */,
			);
			defaultConfigurationIsVisible = 0;
			defaultConfigurationName = Release;
		};
		FB6A2C5F2D9706CE00962C0B /* Build configuration list for PBXNativeTarget "Conectando con el CorazonTests" */ = {
			isa = XCConfigurationList;
			buildConfigurations = (
				FB6A2C602D9706CE00962C0B /* Debug */,
				FB6A2C612D9706CE00962C0B /* Release */,
			);
			defaultConfigurationIsVisible = 0;
			defaultConfigurationName = Release;
		};
		FB6A2C622D9706CE00962C0B /* Build configuration list for PBXNativeTarget "Conectando con el CorazonUITests" */ = {
			isa = XCConfigurationList;
			buildConfigurations = (
				FB6A2C632D9706CE00962C0B /* Debug */,
				FB6A2C642D9706CE00962C0B /* Release */,
			);
			defaultConfigurationIsVisible = 0;
			defaultConfigurationName = Release;
		};
/* End XCConfigurationList section */
	};
	rootObject = FB6A2C302D9706CC00962C0B /* Project object */;
}
